// !$*UTF8*$!
{
	archiveVersion = 1;
	classes = {
	};
	objectVersion = 48;
	objects = {

/* Begin PBXBuildFile section */
		8A55C63D1F73759000E2B57C /* AppDelegate.swift in Sources */ = {isa = PBXBuildFile; fileRef = 8A55C63C1F73759000E2B57C /* AppDelegate.swift */; };
		8A55C63F1F73759000E2B57C /* ViewController.swift in Sources */ = {isa = PBXBuildFile; fileRef = 8A55C63E1F73759000E2B57C /* ViewController.swift */; };
		8A55C6421F73759000E2B57C /* Main.storyboard in Resources */ = {isa = PBXBuildFile; fileRef = 8A55C6401F73759000E2B57C /* Main.storyboard */; };
		8A55C6441F73759000E2B57C /* Assets.xcassets in Resources */ = {isa = PBXBuildFile; fileRef = 8A55C6431F73759000E2B57C /* Assets.xcassets */; };
		8A55C6471F73759000E2B57C /* LaunchScreen.storyboard in Resources */ = {isa = PBXBuildFile; fileRef = 8A55C6451F73759000E2B57C /* LaunchScreen.storyboard */; };
		8A55C64F1F7375CD00E2B57C /* MasterDetailViewController.swift in Sources */ = {isa = PBXBuildFile; fileRef = 8A55C64E1F7375CD00E2B57C /* MasterDetailViewController.swift */; };
/* End PBXBuildFile section */

/* Begin PBXFileReference section */
		8A55C6391F73759000E2B57C /* Week5_exercise.app */ = {isa = PBXFileReference; explicitFileType = wrapper.application; includeInIndex = 0; path = Week5_exercise.app; sourceTree = BUILT_PRODUCTS_DIR; };
		8A55C63C1F73759000E2B57C /* AppDelegate.swift */ = {isa = PBXFileReference; lastKnownFileType = sourcecode.swift; path = AppDelegate.swift; sourceTree = "<group>"; };
		8A55C63E1F73759000E2B57C /* ViewController.swift */ = {isa = PBXFileReference; lastKnownFileType = sourcecode.swift; path = ViewController.swift; sourceTree = "<group>"; };
		8A55C6411F73759000E2B57C /* Base */ = {isa = PBXFileReference; lastKnownFileType = file.storyboard; name = Base; path = Base.lproj/Main.storyboard; sourceTree = "<group>"; };
		8A55C6431F73759000E2B57C /* Assets.xcassets */ = {isa = PBXFileReference; lastKnownFileType = folder.assetcatalog; path = Assets.xcassets; sourceTree = "<group>"; };
		8A55C6461F73759000E2B57C /* Base */ = {isa = PBXFileReference; lastKnownFileType = file.storyboard; name = Base; path = Base.lproj/LaunchScreen.storyboard; sourceTree = "<group>"; };
		8A55C6481F73759000E2B57C /* Info.plist */ = {isa = PBXFileReference; lastKnownFileType = text.plist.xml; path = Info.plist; sourceTree = "<group>"; };
		8A55C64E1F7375CD00E2B57C /* MasterDetailViewController.swift */ = {isa = PBXFileReference; lastKnownFileType = sourcecode.swift; path = MasterDetailViewController.swift; sourceTree = "<group>"; };
/* End PBXFileReference section */

/* Begin PBXFrameworksBuildPhase section */
		8A55C6361F73759000E2B57C /* Frameworks */ = {
			isa = PBXFrameworksBuildPhase;
			buildActionMask = 2147483647;
			files = (
			);
			runOnlyForDeploymentPostprocessing = 0;
		};
/* End PBXFrameworksBuildPhase section */

/* Begin PBXGroup section */
		8A55C6301F73759000E2B57C = {
			isa = PBXGroup;
			children = (
				8A55C63B1F73759000E2B57C /* Week5_exercise */,
				8A55C63A1F73759000E2B57C /* Products */,
			);
			sourceTree = "<group>";
		};
		8A55C63A1F73759000E2B57C /* Products */ = {
			isa = PBXGroup;
			children = (
				8A55C6391F73759000E2B57C /* Week5_exercise.app */,
			);
			name = Products;
			sourceTree = "<group>";
		};
		8A55C63B1F73759000E2B57C /* Week5_exercise */ = {
			isa = PBXGroup;
			children = (
				8A55C63C1F73759000E2B57C /* AppDelegate.swift */,
				8A55C63E1F73759000E2B57C /* ViewController.swift */,
				8A55C64E1F7375CD00E2B57C /* MasterDetailViewController.swift */,
				8A55C6401F73759000E2B57C /* Main.storyboard */,
				8A55C6431F73759000E2B57C /* Assets.xcassets */,
				8A55C6451F73759000E2B57C /* LaunchScreen.storyboard */,
				8A55C6481F73759000E2B57C /* Info.plist */,
			);
			path = Week5_exercise;
			sourceTree = "<group>";
		};
/* End PBXGroup section */

/* Begin PBXNativeTarget section */
		8A55C6381F73759000E2B57C /* Week5_exercise */ = {
			isa = PBXNativeTarget;
			buildConfigurationList = 8A55C64B1F73759000E2B57C /* Build configuration list for PBXNativeTarget "Week5_exercise" */;
			buildPhases = (
				8A55C6351F73759000E2B57C /* Sources */,
				8A55C6361F73759000E2B57C /* Frameworks */,
				8A55C6371F73759000E2B57C /* Resources */,
			);
			buildRules = (
			);
			dependencies = (
			);
			name = Week5_exercise;
			productName = Week5_exercise;
			productReference = 8A55C6391F73759000E2B57C /* Week5_exercise.app */;
			productType = "com.apple.product-type.application";
		};
/* End PBXNativeTarget section */

/* Begin PBXProject section */
		8A55C6311F73759000E2B57C /* Project object */ = {
			isa = PBXProject;
			attributes = {
				LastSwiftUpdateCheck = 0900;
				LastUpgradeCheck = 0900;
				ORGANIZATIONNAME = "Pathompong Chaisri";
				TargetAttributes = {
					8A55C6381F73759000E2B57C = {
						CreatedOnToolsVersion = 9.0;
						ProvisioningStyle = Automatic;
					};
				};
			};
			buildConfigurationList = 8A55C6341F73759000E2B57C /* Build configuration list for PBXProject "Week5_exercise" */;
			compatibilityVersion = "Xcode 8.0";
			developmentRegion = en;
			hasScannedForEncodings = 0;
			knownRegions = (
				en,
				Base,
			);
			mainGroup = 8A55C6301F73759000E2B57C;
			productRefGroup = 8A55C63A1F73759000E2B57C /* Products */;
			projectDirPath = "";
			projectRoot = "";
			targets = (
				8A55C6381F73759000E2B57C /* Week5_exercise */,
			);
		};
/* End PBXProject section */

/* Begin PBXResourcesBuildPhase section */
		8A55C6371F73759000E2B57C /* Resources */ = {
			isa = PBXResourcesBuildPhase;
			buildActionMask = 2147483647;
			files = (
				8A55C6471F73759000E2B57C /* LaunchScreen.storyboard in Resources */,
				8A55C6441F73759000E2B57C /* Assets.xcassets in Resources */,
				8A55C6421F73759000E2B57C /* Main.storyboard in Resources */,
			);
			runOnlyForDeploymentPostprocessing = 0;
		};
/* End PBXResourcesBuildPhase section */

/* Begin PBXSourcesBuildPhase section */
		8A55C6351F73759000E2B57C /* Sources */ = {
			isa = PBXSourcesBuildPhase;
			buildActionMask = 2147483647;
			files = (
				8A55C63F1F73759000E2B57C /* ViewController.swift in Sources */,
				8A55C63D1F73759000E2B57C /* AppDelegate.swift in Sources */,
				8A55C64F1F7375CD00E2B57C /* MasterDetailViewController.swift in Sources */,
			);
			runOnlyForDeploymentPostprocessing = 0;
		};
/* End PBXSourcesBuildPhase section */

/* Begin PBXVariantGroup section */
		8A55C6401F73759000E2B57C /* Main.storyboard */ = {
			isa = PBXVariantGroup;
			children = (
				8A55C6411F73759000E2B57C /* Base */,
			);
			name = Main.storyboard;
			sourceTree = "<group>";
		};
		8A55C6451F73759000E2B57C /* LaunchScreen.storyboard */ = {
			isa = PBXVariantGroup;
			children = (
				8A55C6461F73759000E2B57C /* Base */,
			);
			name = LaunchScreen.storyboard;
			sourceTree = "<group>";
		};
/* End PBXVariantGroup section */

/* Begin XCBuildConfiguration section */
		8A55C6491F73759000E2B57C /* Debug */ = {
			isa = XCBuildConfiguration;
			buildSettings = {
				ALWAYS_SEARCH_USER_PATHS = NO;
				CLANG_ANALYZER_NONNULL = YES;
				CLANG_ANALYZER_NUMBER_OBJECT_CONVERSION = YES_AGGRESSIVE;
				CLANG_CXX_LANGUAGE_STANDARD = "gnu++14";
				CLANG_CXX_LIBRARY = "libc++";
				CLANG_ENABLE_MODULES = YES;
				CLANG_ENABLE_OBJC_ARC = YES;
				CLANG_WARN_BLOCK_CAPTURE_AUTORELEASING = YES;
				CLANG_WARN_BOOL_CONVERSION = YES;
				CLANG_WARN_COMMA = YES;
				CLANG_WARN_CONSTANT_CONVERSION = YES;
				CLANG_WARN_DIRECT_OBJC_ISA_USAGE = YES_ERROR;
				CLANG_WARN_DOCUMENTATION_COMMENTS = YES;
				CLANG_WARN_EMPTY_BODY = YES;
				CLANG_WARN_ENUM_CONVERSION = YES;
				CLANG_WARN_INFINITE_RECURSION = YES;
				CLANG_WARN_INT_CONVERSION = YES;
				CLANG_WARN_NON_LITERAL_NULL_CONVERSION = YES;
				CLANG_WARN_OBJC_LITERAL_CONVERSION = YES;
				CLANG_WARN_OBJC_ROOT_CLASS = YES_ERROR;
				CLANG_WARN_RANGE_LOOP_ANALYSIS = YES;
				CLANG_WARN_STRICT_PROTOTYPES = YES;
				CLANG_WARN_SUSPICIOUS_MOVE = YES;
				CLANG_WARN_UNGUARDED_AVAILABILITY = YES_AGGRESSIVE;
				CLANG_WARN_UNREACHABLE_CODE = YES;
				CLANG_WARN__DUPLICATE_METHOD_MATCH = YES;
				CODE_SIGN_IDENTITY = "iPhone Developer";
				COPY_PHASE_STRIP = NO;
				DEBUG_INFORMATION_FORMAT = dwarf;
				ENABLE_STRICT_OBJC_MSGSEND = YES;
				ENABLE_TESTABILITY = YES;
				GCC_C_LANGUAGE_STANDARD = gnu11;
				GCC_DYNAMIC_NO_PIC = NO;
				GCC_NO_COMMON_BLOCKS = YES;
				GCC_OPTIMIZATION_LEVEL = 0;
				GCC_PREPROCESSOR_DEFINITIONS = (
					"DEBUG=1",
					"$(inherited)",
				);
				GCC_WARN_64_TO_32_BIT_CONVERSION = YES;
				GCC_WARN_ABOUT_RETURN_TYPE = YES_ERROR;
				GCC_WARN_UNDECLARED_SELECTOR = YES;
				GCC_WARN_UNINITIALIZED_AUTOS = YES_AGGRESSIVE;
				GCC_WARN_UNUSED_FUNCTION = YES;
				GCC_WARN_UNUSED_VARIABLE = YES;
				IPHONEOS_DEPLOYMENT_TARGET = 11.0;
				MTL_ENABLE_DEBUG_INFO = YES;
				ONLY_ACTIVE_ARCH = YES;
				SDKROOT = iphoneos;
				SWIFT_ACTIVE_COMPILATION_CONDITIONS = DEBUG;
				SWIFT_OPTIMIZATION_LEVEL = "-Onone";
			};
			name = Debug;
		};
		8A55C64A1F73759000E2B57C /* Release */ = {
			isa = XCBuildConfiguration;
			buildSettings = {
				ALWAYS_SEARCH_USER_PATHS = NO;
				CLANG_ANALYZER_NONNULL = YES;
				CLANG_ANALYZER_NUMBER_OBJECT_CONVERSION = YES_AGGRESSIVE;
				CLANG_CXX_LANGUAGE_STANDARD = "gnu++14";
				CLANG_CXX_LIBRARY = "libc++";
				CLANG_ENABLE_MODULES = YES;
				CLANG_ENABLE_OBJC_ARC = YES;
				CLANG_WARN_BLOCK_CAPTURE_AUTORELEASING = YES;
				CLANG_WARN_BOOL_CONVERSION = YES;
				CLANG_WARN_COMMA = YES;
				CLANG_WARN_CONSTANT_CONVERSION = YES;
				CLANG_WARN_DIRECT_OBJC_ISA_USAGE = YES_ERROR;
				CLANG_WARN_DOCUMENTATION_COMMENTS = YES;
				CLANG_WARN_EMPTY_BODY = YES;
				CLANG_WARN_ENUM_CONVERSION = YES;
				CLANG_WARN_INFINITE_RECURSION = YES;
				CLANG_WARN_INT_CONVERSION = YES;
				CLANG_WARN_NON_LITERAL_NULL_CONVERSION = YES;
				CLANG_WARN_OBJC_LITERAL_CONVERSION = YES;
				CLANG_WARN_OBJC_ROOT_CLASS = YES_ERROR;
				CLANG_WARN_RANGE_LOOP_ANALYSIS = YES;
				CLANG_WARN_STRICT_PROTOTYPES = YES;
				CLANG_WARN_SUSPICIOUS_MOVE = YES;
				CLANG_WARN_UNGUARDED_AVAILABILITY = YES_AGGRESSIVE;
				CLANG_WARN_UNREACHABLE_CODE = YES;
				CLANG_WARN__DUPLICATE_METHOD_MATCH = YES;
				CODE_SIGN_IDENTITY = "iPhone Developer";
				COPY_PHASE_STRIP = NO;
				DEBUG_INFORMATION_FORMAT = "dwarf-with-dsym";
				ENABLE_NS_ASSERTIONS = NO;
				ENABLE_STRICT_OBJC_MSGSEND = YES;
				GCC_C_LANGUAGE_STANDARD = gnu11;
				GCC_NO_COMMON_BLOCKS = YES;
				GCC_WARN_64_TO_32_BIT_CONVERSION = YES;
				GCC_WARN_ABOUT_RETURN_TYPE = YES_ERROR;
				GCC_WARN_UNDECLARED_SELECTOR = YES;
				GCC_WARN_UNINITIALIZED_AUTOS = YES_AGGRESSIVE;
				GCC_WARN_UNUSED_FUNCTION = YES;
				GCC_WARN_UNUSED_VARIABLE = YES;
				IPHONEOS_DEPLOYMENT_TARGET = 11.0;
				MTL_ENABLE_DEBUG_INFO = NO;
				SDKROOT = iphoneos;
				SWIFT_OPTIMIZATION_LEVEL = "-Owholemodule";
				VALIDATE_PRODUCT = YES;
			};
			name = Release;
		};
		8A55C64C1F73759000E2B57C /* Debug */ = {
			isa = XCBuildConfiguration;
			buildSettings = {
				ASSETCATALOG_COMPILER_APPICON_NAME = AppIcon;
				CODE_SIGN_STYLE = Automatic;
				DEVELOPMENT_TEAM = GTN4NV25WD;
				INFOPLIST_FILE = Week5_exercise/Info.plist;
				LD_RUNPATH_SEARCH_PATHS = "$(inherited) @executable_path/Frameworks";
				PRODUCT_BUNDLE_IDENTIFIER = "com.developers.Week5-exercise";
				PRODUCT_NAME = "$(TARGET_NAME)";
				SWIFT_VERSION = 4.0;
				TARGETED_DEVICE_FAMILY = "1,2";
			};
			name = Debug;
		};
		8A55C64D1F73759000E2B57C /* Release */ = {
			isa = XCBuildConfiguration;
			buildSettings = {
				ASSETCATALOG_COMPILER_APPICON_NAME = AppIcon;
				CODE_SIGN_STYLE = Automatic;
				DEVELOPMENT_TEAM = GTN4NV25WD;
				INFOPLIST_FILE = Week5_exercise/Info.plist;
				LD_RUNPATH_SEARCH_PATHS = "$(inherited) @executable_path/Frameworks";
				PRODUCT_BUNDLE_IDENTIFIER = "com.developers.Week5-exercise";
				PRODUCT_NAME = "$(TARGET_NAME)";
				SWIFT_VERSION = 4.0;
				TARGETED_DEVICE_FAMILY = "1,2";
			};
			name = Release;
		};
/* End XCBuildConfiguration section */

/* Begin XCConfigurationList section */
		8A55C6341F73759000E2B57C /* Build configuration list for PBXProject "Week5_exercise" */ = {
			isa = XCConfigurationList;
			buildConfigurations = (
				8A55C6491F73759000E2B57C /* Debug */,
				8A55C64A1F73759000E2B57C /* Release */,
			);
			defaultConfigurationIsVisible = 0;
			defaultConfigurationName = Release;
		};
		8A55C64B1F73759000E2B57C /* Build configuration list for PBXNativeTarget "Week5_exercise" */ = {
			isa = XCConfigurationList;
			buildConfigurations = (
				8A55C64C1F73759000E2B57C /* Debug */,
				8A55C64D1F73759000E2B57C /* Release */,
			);
			defaultConfigurationIsVisible = 0;
			defaultConfigurationName = Release;
		};
/* End XCConfigurationList section */
	};
	rootObject = 8A55C6311F73759000E2B57C /* Project object */;
}
